
Microsoft Visual Studio Solution File, Format Version 12.00
# Visual Studio Version 16
VisualStudioVersion = 16.0.29728.190
MinimumVisualStudioVersion = 10.0.40219.1
Project("{9A19103F-16F7-4668-BE54-9A1E7A4F7556}") = "CompassSurveys", "CompassSurveys.csproj", "{D25CEE3C-0456-41FB-8A60-E983E9A8B4E1}"
EndProject
Project("{9A19103F-16F7-4668-BE54-9A1E7A4F7556}") = "CompassSurveysTest", "..\..\..\..\..\Compass\CompassSurveysTest\CompassSurveysTest.csproj", "{8D9C2231-3C6C-4FA1-A4E7-45EDD637F19F}"
EndProject
Global
	GlobalSection(SolutionConfigurationPlatforms) = preSolution
		Debug|Any CPU = Debug|Any CPU
		Release|Any CPU = Release|Any CPU
	EndGlobalSection
	GlobalSection(ProjectConfigurationPlatforms) = postSolution
		{D25CEE3C-0456-41FB-8A60-E983E9A8B4E1}.Debug|Any CPU.ActiveCfg = Debug|Any CPU
		{D25CEE3C-0456-41FB-8A60-E983E9A8B4E1}.Debug|Any CPU.Build.0 = Debug|Any CPU
		{D25CEE3C-0456-41FB-8A60-E983E9A8B4E1}.Release|Any CPU.ActiveCfg = Release|Any CPU
		{D25CEE3C-0456-41FB-8A60-E983E9A8B4E1}.Release|Any CPU.Build.0 = Release|Any CPU
		{8D9C2231-3C6C-4FA1-A4E7-45EDD637F19F}.Debug|Any CPU.ActiveCfg = Debug|Any CPU
		{8D9C2231-3C6C-4FA1-A4E7-45EDD637F19F}.Debug|Any CPU.Build.0 = Debug|Any CPU
		{8D9C2231-3C6C-4FA1-A4E7-45EDD637F19F}.Release|Any CPU.ActiveCfg = Release|Any CPU
		{8D9C2231-3C6C-4FA1-A4E7-45EDD637F19F}.Release|Any CPU.Build.0 = Release|Any CPU
	EndGlobalSection
	GlobalSection(SolutionProperties) = preSolution
		HideSolutionNode = FALSE
	EndGlobalSection
	GlobalSection(ExtensibilityGlobals) = postSolution
		SolutionGuid = {EF5D9D6C-83F4-4D04-A6BC-299CAEB2DFED}
	EndGlobalSection
EndGlobal
